// !$*UTF8*$!
{
	archiveVersion = 1;
	classes = {
	};
	objectVersion = 55;
	objects = {

/* Begin PBXBuildFile section */
		CCC248D22838A62000AF7168 /* AppDelegate.swift in Sources */ = {isa = PBXBuildFile; fileRef = CCC248D12838A62000AF7168 /* AppDelegate.swift */; };
		CCC248D42838A62000AF7168 /* SceneDelegate.swift in Sources */ = {isa = PBXBuildFile; fileRef = CCC248D32838A62000AF7168 /* SceneDelegate.swift */; };
		CCC248DB2838A62100AF7168 /* Assets.xcassets in Resources */ = {isa = PBXBuildFile; fileRef = CCC248DA2838A62100AF7168 /* Assets.xcassets */; };
		CCC248DE2838A62100AF7168 /* LaunchScreen.storyboard in Resources */ = {isa = PBXBuildFile; fileRef = CCC248DC2838A62100AF7168 /* LaunchScreen.storyboard */; };
		CCC248E92838A8EB00AF7168 /* TabBarViewController.swift in Sources */ = {isa = PBXBuildFile; fileRef = CCC248E82838A8EB00AF7168 /* TabBarViewController.swift */; };
		CCC248EB2838AB8500AF7168 /* HomeViewController.swift in Sources */ = {isa = PBXBuildFile; fileRef = CCC248EA2838AB8500AF7168 /* HomeViewController.swift */; };
		CCC248ED2838AB9300AF7168 /* SearchViewController.swift in Sources */ = {isa = PBXBuildFile; fileRef = CCC248EC2838AB9300AF7168 /* SearchViewController.swift */; };
		CCC248EF2838ABA200AF7168 /* SearchDetailViewController.swift in Sources */ = {isa = PBXBuildFile; fileRef = CCC248EE2838ABA200AF7168 /* SearchDetailViewController.swift */; };
		CCC248F12838ABB000AF7168 /* FilterViewController.swift in Sources */ = {isa = PBXBuildFile; fileRef = CCC248F02838ABB000AF7168 /* FilterViewController.swift */; };
		CCC248F32838ABBE00AF7168 /* FriendsViewController.swift in Sources */ = {isa = PBXBuildFile; fileRef = CCC248F22838ABBE00AF7168 /* FriendsViewController.swift */; };
		CCC248F52838ABD700AF7168 /* FriendsDetailViewController.swift in Sources */ = {isa = PBXBuildFile; fileRef = CCC248F42838ABD700AF7168 /* FriendsDetailViewController.swift */; };
		CCC248F72838ABEB00AF7168 /* SettingsViewController.swift in Sources */ = {isa = PBXBuildFile; fileRef = CCC248F62838ABEB00AF7168 /* SettingsViewController.swift */; };
/* End PBXBuildFile section */

/* Begin PBXFileReference section */
		CCC248CE2838A62000AF7168 /* SextaFeira13ViewCode.app */ = {isa = PBXFileReference; explicitFileType = wrapper.application; includeInIndex = 0; path = SextaFeira13ViewCode.app; sourceTree = BUILT_PRODUCTS_DIR; };
		CCC248D12838A62000AF7168 /* AppDelegate.swift */ = {isa = PBXFileReference; lastKnownFileType = sourcecode.swift; path = AppDelegate.swift; sourceTree = "<group>"; };
		CCC248D32838A62000AF7168 /* SceneDelegate.swift */ = {isa = PBXFileReference; lastKnownFileType = sourcecode.swift; path = SceneDelegate.swift; sourceTree = "<group>"; };
		CCC248DA2838A62100AF7168 /* Assets.xcassets */ = {isa = PBXFileReference; lastKnownFileType = folder.assetcatalog; path = Assets.xcassets; sourceTree = "<group>"; };
		CCC248DD2838A62100AF7168 /* Base */ = {isa = PBXFileReference; lastKnownFileType = file.storyboard; name = Base; path = Base.lproj/LaunchScreen.storyboard; sourceTree = "<group>"; };
		CCC248DF2838A62100AF7168 /* Info.plist */ = {isa = PBXFileReference; lastKnownFileType = text.plist.xml; path = Info.plist; sourceTree = "<group>"; };
		CCC248E82838A8EB00AF7168 /* TabBarViewController.swift */ = {isa = PBXFileReference; lastKnownFileType = sourcecode.swift; path = TabBarViewController.swift; sourceTree = "<group>"; };
		CCC248EA2838AB8500AF7168 /* HomeViewController.swift */ = {isa = PBXFileReference; lastKnownFileType = sourcecode.swift; path = HomeViewController.swift; sourceTree = "<group>"; };
		CCC248EC2838AB9300AF7168 /* SearchViewController.swift */ = {isa = PBXFileReference; lastKnownFileType = sourcecode.swift; path = SearchViewController.swift; sourceTree = "<group>"; };
		CCC248EE2838ABA200AF7168 /* SearchDetailViewController.swift */ = {isa = PBXFileReference; lastKnownFileType = sourcecode.swift; path = SearchDetailViewController.swift; sourceTree = "<group>"; };
		CCC248F02838ABB000AF7168 /* FilterViewController.swift */ = {isa = PBXFileReference; lastKnownFileType = sourcecode.swift; path = FilterViewController.swift; sourceTree = "<group>"; };
		CCC248F22838ABBE00AF7168 /* FriendsViewController.swift */ = {isa = PBXFileReference; lastKnownFileType = sourcecode.swift; path = FriendsViewController.swift; sourceTree = "<group>"; };
		CCC248F42838ABD700AF7168 /* FriendsDetailViewController.swift */ = {isa = PBXFileReference; lastKnownFileType = sourcecode.swift; path = FriendsDetailViewController.swift; sourceTree = "<group>"; };
		CCC248F62838ABEB00AF7168 /* SettingsViewController.swift */ = {isa = PBXFileReference; lastKnownFileType = sourcecode.swift; path = SettingsViewController.swift; sourceTree = "<group>"; };
/* End PBXFileReference section */

/* Begin PBXFrameworksBuildPhase section */
		CCC248CB2838A62000AF7168 /* Frameworks */ = {
			isa = PBXFrameworksBuildPhase;
			buildActionMask = 2147483647;
			files = (
			);
			runOnlyForDeploymentPostprocessing = 0;
		};
/* End PBXFrameworksBuildPhase section */

/* Begin PBXGroup section */
		CCC248C52838A62000AF7168 = {
			isa = PBXGroup;
			children = (
				CCC248D02838A62000AF7168 /* SextaFeira13ViewCode */,
				CCC248CF2838A62000AF7168 /* Products */,
			);
			sourceTree = "<group>";
		};
		CCC248CF2838A62000AF7168 /* Products */ = {
			isa = PBXGroup;
			children = (
				CCC248CE2838A62000AF7168 /* SextaFeira13ViewCode.app */,
			);
			name = Products;
			sourceTree = "<group>";
		};
		CCC248D02838A62000AF7168 /* SextaFeira13ViewCode */ = {
			isa = PBXGroup;
			children = (
				CCC248D12838A62000AF7168 /* AppDelegate.swift */,
				CCC248D32838A62000AF7168 /* SceneDelegate.swift */,
				CCC248E72838A7AB00AF7168 /* Models */,
				CCC248E62838A7A600AF7168 /* Views */,
				CCC248E52838A7A000AF7168 /* Controllers */,
				CCC248DA2838A62100AF7168 /* Assets.xcassets */,
				CCC248DC2838A62100AF7168 /* LaunchScreen.storyboard */,
				CCC248DF2838A62100AF7168 /* Info.plist */,
			);
			path = SextaFeira13ViewCode;
			sourceTree = "<group>";
		};
		CCC248E52838A7A000AF7168 /* Controllers */ = {
			isa = PBXGroup;
			children = (
				CCC248E82838A8EB00AF7168 /* TabBarViewController.swift */,
				CCC248EA2838AB8500AF7168 /* HomeViewController.swift */,
				CCC248EC2838AB9300AF7168 /* SearchViewController.swift */,
				CCC248EE2838ABA200AF7168 /* SearchDetailViewController.swift */,
				CCC248F02838ABB000AF7168 /* FilterViewController.swift */,
				CCC248F22838ABBE00AF7168 /* FriendsViewController.swift */,
				CCC248F42838ABD700AF7168 /* FriendsDetailViewController.swift */,
				CCC248F62838ABEB00AF7168 /* SettingsViewController.swift */,
			);
			path = Controllers;
			sourceTree = "<group>";
		};
		CCC248E62838A7A600AF7168 /* Views */ = {
			isa = PBXGroup;
			children = (
			);
			path = Views;
			sourceTree = "<group>";
		};
		CCC248E72838A7AB00AF7168 /* Models */ = {
			isa = PBXGroup;
			children = (
			);
			path = Models;
			sourceTree = "<group>";
		};
/* End PBXGroup section */

/* Begin PBXNativeTarget section */
		CCC248CD2838A62000AF7168 /* SextaFeira13ViewCode */ = {
			isa = PBXNativeTarget;
			buildConfigurationList = CCC248E22838A62100AF7168 /* Build configuration list for PBXNativeTarget "SextaFeira13ViewCode" */;
			buildPhases = (
				CCC248CA2838A62000AF7168 /* Sources */,
				CCC248CB2838A62000AF7168 /* Frameworks */,
				CCC248CC2838A62000AF7168 /* Resources */,
			);
			buildRules = (
			);
			dependencies = (
			);
			name = SextaFeira13ViewCode;
			productName = SextaFeira13ViewCode;
			productReference = CCC248CE2838A62000AF7168 /* SextaFeira13ViewCode.app */;
			productType = "com.apple.product-type.application";
		};
/* End PBXNativeTarget section */

/* Begin PBXProject section */
		CCC248C62838A62000AF7168 /* Project object */ = {
			isa = PBXProject;
			attributes = {
				BuildIndependentTargetsInParallel = 1;
				LastSwiftUpdateCheck = 1340;
				LastUpgradeCheck = 1340;
				TargetAttributes = {
					CCC248CD2838A62000AF7168 = {
						CreatedOnToolsVersion = 13.4;
					};
				};
			};
			buildConfigurationList = CCC248C92838A62000AF7168 /* Build configuration list for PBXProject "SextaFeira13ViewCode" */;
			compatibilityVersion = "Xcode 13.0";
			developmentRegion = en;
			hasScannedForEncodings = 0;
			knownRegions = (
				en,
				Base,
			);
			mainGroup = CCC248C52838A62000AF7168;
			productRefGroup = CCC248CF2838A62000AF7168 /* Products */;
			projectDirPath = "";
			projectRoot = "";
			targets = (
				CCC248CD2838A62000AF7168 /* SextaFeira13ViewCode */,
			);
		};
/* End PBXProject section */

/* Begin PBXResourcesBuildPhase section */
		CCC248CC2838A62000AF7168 /* Resources */ = {
			isa = PBXResourcesBuildPhase;
			buildActionMask = 2147483647;
			files = (
				CCC248DE2838A62100AF7168 /* LaunchScreen.storyboard in Resources */,
				CCC248DB2838A62100AF7168 /* Assets.xcassets in Resources */,
			);
			runOnlyForDeploymentPostprocessing = 0;
		};
/* End PBXResourcesBuildPhase section */

/* Begin PBXSourcesBuildPhase section */
		CCC248CA2838A62000AF7168 /* Sources */ = {
			isa = PBXSourcesBuildPhase;
			buildActionMask = 2147483647;
			files = (
				CCC248F32838ABBE00AF7168 /* FriendsViewController.swift in Sources */,
				CCC248F12838ABB000AF7168 /* FilterViewController.swift in Sources */,
				CCC248ED2838AB9300AF7168 /* SearchViewController.swift in Sources */,
				CCC248F72838ABEB00AF7168 /* SettingsViewController.swift in Sources */,
				CCC248E92838A8EB00AF7168 /* TabBarViewController.swift in Sources */,
				CCC248D22838A62000AF7168 /* AppDelegate.swift in Sources */,
				CCC248D42838A62000AF7168 /* SceneDelegate.swift in Sources */,
				CCC248EF2838ABA200AF7168 /* SearchDetailViewController.swift in Sources */,
				CCC248EB2838AB8500AF7168 /* HomeViewController.swift in Sources */,
				CCC248F52838ABD700AF7168 /* FriendsDetailViewController.swift in Sources */,
			);
			runOnlyForDeploymentPostprocessing = 0;
		};
/* End PBXSourcesBuildPhase section */

/* Begin PBXVariantGroup section */
		CCC248DC2838A62100AF7168 /* LaunchScreen.storyboard */ = {
			isa = PBXVariantGroup;
			children = (
				CCC248DD2838A62100AF7168 /* Base */,
			);
			name = LaunchScreen.storyboard;
			sourceTree = "<group>";
		};
/* End PBXVariantGroup section */

/* Begin XCBuildConfiguration section */
		CCC248E02838A62100AF7168 /* Debug */ = {
			isa = XCBuildConfiguration;
			buildSettings = {
				ALWAYS_SEARCH_USER_PATHS = NO;
				CLANG_ANALYZER_NONNULL = YES;
				CLANG_ANALYZER_NUMBER_OBJECT_CONVERSION = YES_AGGRESSIVE;
				CLANG_CXX_LANGUAGE_STANDARD = "gnu++17";
				CLANG_ENABLE_MODULES = YES;
				CLANG_ENABLE_OBJC_ARC = YES;
				CLANG_ENABLE_OBJC_WEAK = YES;
				CLANG_WARN_BLOCK_CAPTURE_AUTORELEASING = YES;
				CLANG_WARN_BOOL_CONVERSION = YES;
				CLANG_WARN_COMMA = YES;
				CLANG_WARN_CONSTANT_CONVERSION = YES;
				CLANG_WARN_DEPRECATED_OBJC_IMPLEMENTATIONS = YES;
				CLANG_WARN_DIRECT_OBJC_ISA_USAGE = YES_ERROR;
				CLANG_WARN_DOCUMENTATION_COMMENTS = YES;
				CLANG_WARN_EMPTY_BODY = YES;
				CLANG_WARN_ENUM_CONVERSION = YES;
				CLANG_WARN_INFINITE_RECURSION = YES;
				CLANG_WARN_INT_CONVERSION = YES;
				CLANG_WARN_NON_LITERAL_NULL_CONVERSION = YES;
				CLANG_WARN_OBJC_IMPLICIT_RETAIN_SELF = YES;
				CLANG_WARN_OBJC_LITERAL_CONVERSION = YES;
				CLANG_WARN_OBJC_ROOT_CLASS = YES_ERROR;
				CLANG_WARN_QUOTED_INCLUDE_IN_FRAMEWORK_HEADER = YES;
				CLANG_WARN_RANGE_LOOP_ANALYSIS = YES;
				CLANG_WARN_STRICT_PROTOTYPES = YES;
				CLANG_WARN_SUSPICIOUS_MOVE = YES;
				CLANG_WARN_UNGUARDED_AVAILABILITY = YES_AGGRESSIVE;
				CLANG_WARN_UNREACHABLE_CODE = YES;
				CLANG_WARN__DUPLICATE_METHOD_MATCH = YES;
				COPY_PHASE_STRIP = NO;
				DEBUG_INFORMATION_FORMAT = dwarf;
				ENABLE_STRICT_OBJC_MSGSEND = YES;
				ENABLE_TESTABILITY = YES;
				GCC_C_LANGUAGE_STANDARD = gnu11;
				GCC_DYNAMIC_NO_PIC = NO;
				GCC_NO_COMMON_BLOCKS = YES;
				GCC_OPTIMIZATION_LEVEL = 0;
				GCC_PREPROCESSOR_DEFINITIONS = (
					"DEBUG=1",
					"$(inherited)",
				);
				GCC_WARN_64_TO_32_BIT_CONVERSION = YES;
				GCC_WARN_ABOUT_RETURN_TYPE = YES_ERROR;
				GCC_WARN_UNDECLARED_SELECTOR = YES;
				GCC_WARN_UNINITIALIZED_AUTOS = YES_AGGRESSIVE;
				GCC_WARN_UNUSED_FUNCTION = YES;
				GCC_WARN_UNUSED_VARIABLE = YES;
				IPHONEOS_DEPLOYMENT_TARGET = 15.5;
				MTL_ENABLE_DEBUG_INFO = INCLUDE_SOURCE;
				MTL_FAST_MATH = YES;
				ONLY_ACTIVE_ARCH = YES;
				SDKROOT = iphoneos;
				SWIFT_ACTIVE_COMPILATION_CONDITIONS = DEBUG;
				SWIFT_OPTIMIZATION_LEVEL = "-Onone";
			};
			name = Debug;
		};
		CCC248E12838A62100AF7168 /* Release */ = {
			isa = XCBuildConfiguration;
			buildSettings = {
				ALWAYS_SEARCH_USER_PATHS = NO;
				CLANG_ANALYZER_NONNULL = YES;
				CLANG_ANALYZER_NUMBER_OBJECT_CONVERSION = YES_AGGRESSIVE;
				CLANG_CXX_LANGUAGE_STANDARD = "gnu++17";
				CLANG_ENABLE_MODULES = YES;
				CLANG_ENABLE_OBJC_ARC = YES;
				CLANG_ENABLE_OBJC_WEAK = YES;
				CLANG_WARN_BLOCK_CAPTURE_AUTORELEASING = YES;
				CLANG_WARN_BOOL_CONVERSION = YES;
				CLANG_WARN_COMMA = YES;
				CLANG_WARN_CONSTANT_CONVERSION = YES;
				CLANG_WARN_DEPRECATED_OBJC_IMPLEMENTATIONS = YES;
				CLANG_WARN_DIRECT_OBJC_ISA_USAGE = YES_ERROR;
				CLANG_WARN_DOCUMENTATION_COMMENTS = YES;
				CLANG_WARN_EMPTY_BODY = YES;
				CLANG_WARN_ENUM_CONVERSION = YES;
				CLANG_WARN_INFINITE_RECURSION = YES;
				CLANG_WARN_INT_CONVERSION = YES;
				CLANG_WARN_NON_LITERAL_NULL_CONVERSION = YES;
				CLANG_WARN_OBJC_IMPLICIT_RETAIN_SELF = YES;
				CLANG_WARN_OBJC_LITERAL_CONVERSION = YES;
				CLANG_WARN_OBJC_ROOT_CLASS = YES_ERROR;
				CLANG_WARN_QUOTED_INCLUDE_IN_FRAMEWORK_HEADER = YES;
				CLANG_WARN_RANGE_LOOP_ANALYSIS = YES;
				CLANG_WARN_STRICT_PROTOTYPES = YES;
				CLANG_WARN_SUSPICIOUS_MOVE = YES;
				CLANG_WARN_UNGUARDED_AVAILABILITY = YES_AGGRESSIVE;
				CLANG_WARN_UNREACHABLE_CODE = YES;
				CLANG_WARN__DUPLICATE_METHOD_MATCH = YES;
				COPY_PHASE_STRIP = NO;
				DEBUG_INFORMATION_FORMAT = "dwarf-with-dsym";
				ENABLE_NS_ASSERTIONS = NO;
				ENABLE_STRICT_OBJC_MSGSEND = YES;
				GCC_C_LANGUAGE_STANDARD = gnu11;
				GCC_NO_COMMON_BLOCKS = YES;
				GCC_WARN_64_TO_32_BIT_CONVERSION = YES;
				GCC_WARN_ABOUT_RETURN_TYPE = YES_ERROR;
				GCC_WARN_UNDECLARED_SELECTOR = YES;
				GCC_WARN_UNINITIALIZED_AUTOS = YES_AGGRESSIVE;
				GCC_WARN_UNUSED_FUNCTION = YES;
				GCC_WARN_UNUSED_VARIABLE = YES;
				IPHONEOS_DEPLOYMENT_TARGET = 15.5;
				MTL_ENABLE_DEBUG_INFO = NO;
				MTL_FAST_MATH = YES;
				SDKROOT = iphoneos;
				SWIFT_COMPILATION_MODE = wholemodule;
				SWIFT_OPTIMIZATION_LEVEL = "-O";
				VALIDATE_PRODUCT = YES;
			};
			name = Release;
		};
		CCC248E32838A62100AF7168 /* Debug */ = {
			isa = XCBuildConfiguration;
			buildSettings = {
				ASSETCATALOG_COMPILER_APPICON_NAME = AppIcon;
				ASSETCATALOG_COMPILER_GLOBAL_ACCENT_COLOR_NAME = AccentColor;
				CODE_SIGN_STYLE = Automatic;
				CURRENT_PROJECT_VERSION = 1;
				DEVELOPMENT_TEAM = L859KY23VK;
				GENERATE_INFOPLIST_FILE = YES;
				INFOPLIST_FILE = SextaFeira13ViewCode/Info.plist;
				INFOPLIST_KEY_UIApplicationSupportsIndirectInputEvents = YES;
				INFOPLIST_KEY_UILaunchStoryboardName = LaunchScreen;
				INFOPLIST_KEY_UISupportedInterfaceOrientations_iPad = "UIInterfaceOrientationPortrait UIInterfaceOrientationPortraitUpsideDown UIInterfaceOrientationLandscapeLeft UIInterfaceOrientationLandscapeRight";
				INFOPLIST_KEY_UISupportedInterfaceOrientations_iPhone = "UIInterfaceOrientationPortrait UIInterfaceOrientationLandscapeLeft UIInterfaceOrientationLandscapeRight";
				LD_RUNPATH_SEARCH_PATHS = (
					"$(inherited)",
					"@executable_path/Frameworks",
				);
				MARKETING_VERSION = 1.0;
				PRODUCT_BUNDLE_IDENTIFIER = com.jeanlucas.SextaFeira13ViewCode;
				PRODUCT_NAME = "$(TARGET_NAME)";
				SWIFT_EMIT_LOC_STRINGS = YES;
				SWIFT_VERSION = 5.0;
				TARGETED_DEVICE_FAMILY = "1,2";
			};
			name = Debug;
		};
		CCC248E42838A62100AF7168 /* Release */ = {
			isa = XCBuildConfiguration;
			buildSettings = {
				ASSETCATALOG_COMPILER_APPICON_NAME = AppIcon;
				ASSETCATALOG_COMPILER_GLOBAL_ACCENT_COLOR_NAME = AccentColor;
				CODE_SIGN_STYLE = Automatic;
				CURRENT_PROJECT_VERSION = 1;
				DEVELOPMENT_TEAM = L859KY23VK;
				GENERATE_INFOPLIST_FILE = YES;
				INFOPLIST_FILE = SextaFeira13ViewCode/Info.plist;
				INFOPLIST_KEY_UIApplicationSupportsIndirectInputEvents = YES;
				INFOPLIST_KEY_UILaunchStoryboardName = LaunchScreen;
				INFOPLIST_KEY_UISupportedInterfaceOrientations_iPad = "UIInterfaceOrientationPortrait UIInterfaceOrientationPortraitUpsideDown UIInterfaceOrientationLandscapeLeft UIInterfaceOrientationLandscapeRight";
				INFOPLIST_KEY_UISupportedInterfaceOrientations_iPhone = "UIInterfaceOrientationPortrait UIInterfaceOrientationLandscapeLeft UIInterfaceOrientationLandscapeRight";
				LD_RUNPATH_SEARCH_PATHS = (
					"$(inherited)",
					"@executable_path/Frameworks",
				);
				MARKETING_VERSION = 1.0;
				PRODUCT_BUNDLE_IDENTIFIER = com.jeanlucas.SextaFeira13ViewCode;
				PRODUCT_NAME = "$(TARGET_NAME)";
				SWIFT_EMIT_LOC_STRINGS = YES;
				SWIFT_VERSION = 5.0;
				TARGETED_DEVICE_FAMILY = "1,2";
			};
			name = Release;
		};
/* End XCBuildConfiguration section */

/* Begin XCConfigurationList section */
		CCC248C92838A62000AF7168 /* Build configuration list for PBXProject "SextaFeira13ViewCode" */ = {
			isa = XCConfigurationList;
			buildConfigurations = (
				CCC248E02838A62100AF7168 /* Debug */,
				CCC248E12838A62100AF7168 /* Release */,
			);
			defaultConfigurationIsVisible = 0;
			defaultConfigurationName = Release;
		};
		CCC248E22838A62100AF7168 /* Build configuration list for PBXNativeTarget "SextaFeira13ViewCode" */ = {
			isa = XCConfigurationList;
			buildConfigurations = (
				CCC248E32838A62100AF7168 /* Debug */,
				CCC248E42838A62100AF7168 /* Release */,
			);
			defaultConfigurationIsVisible = 0;
			defaultConfigurationName = Release;
		};
/* End XCConfigurationList section */
	};
	rootObject = CCC248C62838A62000AF7168 /* Project object */;
}
